
Microsoft Visual Studio Solution File, Format Version 12.00
# Visual Studio 15
VisualStudioVersion = 15.0.28307.902
MinimumVisualStudioVersion = 10.0.40219.1
Project("{FAE04EC0-301F-11D3-BF4B-00C04F79EFBC}") = "MultilineApp1.Android", "MultilineApp1\MultilineApp1.Android\MultilineApp1.Android.csproj", "{BEC9F04F-459B-486D-9B06-BFF9B4430380}"
EndProject
Project("{FAE04EC0-301F-11D3-BF4B-00C04F79EFBC}") = "MultilineApp1.iOS", "MultilineApp1\MultilineApp1.iOS\MultilineApp1.iOS.csproj", "{E6D725BB-A1CD-4946-9977-BA477F265AFD}"
EndProject
Project("{FAE04EC0-301F-11D3-BF4B-00C04F79EFBC}") = "MultilineApp1", "MultilineApp1\MultilineApp1\MultilineApp1.csproj", "{CC0E36D5-17F0-48DE-BD23-A2E5B170D87F}"
EndProject
Global
	GlobalSection(SolutionConfigurationPlatforms) = preSolution
		Ad-Hoc|Any CPU = Ad-Hoc|Any CPU
		Ad-Hoc|iPhone = Ad-Hoc|iPhone
		Ad-Hoc|iPhoneSimulator = Ad-Hoc|iPhoneSimulator
		AppStore|Any CPU = AppStore|Any CPU
		AppStore|iPhone = AppStore|iPhone
		AppStore|iPhoneSimulator = AppStore|iPhoneSimulator
		Debug|Any CPU = Debug|Any CPU
		Debug|iPhone = Debug|iPhone
		Debug|iPhoneSimulator = Debug|iPhoneSimulator
		Release|Any CPU = Release|Any CPU
		Release|iPhone = Release|iPhone
		Release|iPhoneSimulator = Release|iPhoneSimulator
	EndGlobalSection
	GlobalSection(ProjectConfigurationPlatforms) = postSolution
		{BEC9F04F-459B-486D-9B06-BFF9B4430380}.Ad-Hoc|Any CPU.ActiveCfg = Release|Any CPU
		{BEC9F04F-459B-486D-9B06-BFF9B4430380}.Ad-Hoc|Any CPU.Build.0 = Release|Any CPU
		{BEC9F04F-459B-486D-9B06-BFF9B4430380}.Ad-Hoc|Any CPU.Deploy.0 = Release|Any CPU
		{BEC9F04F-459B-486D-9B06-BFF9B4430380}.Ad-Hoc|iPhone.ActiveCfg = Release|Any CPU
		{BEC9F04F-459B-486D-9B06-BFF9B4430380}.Ad-Hoc|iPhone.Build.0 = Release|Any CPU
		{BEC9F04F-459B-486D-9B06-BFF9B4430380}.Ad-Hoc|iPhone.Deploy.0 = Release|Any CPU
		{BEC9F04F-459B-486D-9B06-BFF9B4430380}.Ad-Hoc|iPhoneSimulator.ActiveCfg = Release|Any CPU
		{BEC9F04F-459B-486D-9B06-BFF9B4430380}.Ad-Hoc|iPhoneSimulator.Build.0 = Release|Any CPU
		{BEC9F04F-459B-486D-9B06-BFF9B4430380}.Ad-Hoc|iPhoneSimulator.Deploy.0 = Release|Any CPU
		{BEC9F04F-459B-486D-9B06-BFF9B4430380}.AppStore|Any CPU.ActiveCfg = Release|Any CPU
		{BEC9F04F-459B-486D-9B06-BFF9B4430380}.AppStore|Any CPU.Build.0 = Release|Any CPU
		{BEC9F04F-459B-486D-9B06-BFF9B4430380}.AppStore|Any CPU.Deploy.0 = Release|Any CPU
		{BEC9F04F-459B-486D-9B06-BFF9B4430380}.AppStore|iPhone.ActiveCfg = Release|Any CPU
		{BEC9F04F-459B-486D-9B06-BFF9B4430380}.AppStore|iPhone.Build.0 = Release|Any CPU
		{BEC9F04F-459B-486D-9B06-BFF9B4430380}.AppStore|iPhone.Deploy.0 = Release|Any CPU
		{BEC9F04F-459B-486D-9B06-BFF9B4430380}.AppStore|iPhoneSimulator.ActiveCfg = Release|Any CPU
		{BEC9F04F-459B-486D-9B06-BFF9B4430380}.AppStore|iPhoneSimulator.Build.0 = Release|Any CPU
		{BEC9F04F-459B-486D-9B06-BFF9B4430380}.AppStore|iPhoneSimulator.Deploy.0 = Release|Any CPU
		{BEC9F04F-459B-486D-9B06-BFF9B4430380}.Debug|Any CPU.ActiveCfg = Debug|Any CPU
		{BEC9F04F-459B-486D-9B06-BFF9B4430380}.Debug|Any CPU.Build.0 = Debug|Any CPU
		{BEC9F04F-459B-486D-9B06-BFF9B4430380}.Debug|Any CPU.Deploy.0 = Debug|Any CPU
		{BEC9F04F-459B-486D-9B06-BFF9B4430380}.Debug|iPhone.ActiveCfg = Debug|Any CPU
		{BEC9F04F-459B-486D-9B06-BFF9B4430380}.Debug|iPhone.Build.0 = Debug|Any CPU
		{BEC9F04F-459B-486D-9B06-BFF9B4430380}.Debug|iPhone.Deploy.0 = Debug|Any CPU
		{BEC9F04F-459B-486D-9B06-BFF9B4430380}.Debug|iPhoneSimulator.ActiveCfg = Debug|Any CPU
		{BEC9F04F-459B-486D-9B06-BFF9B4430380}.Debug|iPhoneSimulator.Build.0 = Debug|Any CPU
		{BEC9F04F-459B-486D-9B06-BFF9B4430380}.Debug|iPhoneSimulator.Deploy.0 = Debug|Any CPU
		{BEC9F04F-459B-486D-9B06-BFF9B4430380}.Release|Any CPU.ActiveCfg = Release|Any CPU
		{BEC9F04F-459B-486D-9B06-BFF9B4430380}.Release|Any CPU.Build.0 = Release|Any CPU
		{BEC9F04F-459B-486D-9B06-BFF9B4430380}.Release|Any CPU.Deploy.0 = Release|Any CPU
		{BEC9F04F-459B-486D-9B06-BFF9B4430380}.Release|iPhone.ActiveCfg = Release|Any CPU
		{BEC9F04F-459B-486D-9B06-BFF9B4430380}.Release|iPhone.Build.0 = Release|Any CPU
		{BEC9F04F-459B-486D-9B06-BFF9B4430380}.Release|iPhone.Deploy.0 = Release|Any CPU
		{BEC9F04F-459B-486D-9B06-BFF9B4430380}.Release|iPhoneSimulator.ActiveCfg = Release|Any CPU
		{BEC9F04F-459B-486D-9B06-BFF9B4430380}.Release|iPhoneSimulator.Build.0 = Release|Any CPU
		{BEC9F04F-459B-486D-9B06-BFF9B4430380}.Release|iPhoneSimulator.Deploy.0 = Release|Any CPU
		{E6D725BB-A1CD-4946-9977-BA477F265AFD}.Ad-Hoc|Any CPU.ActiveCfg = Ad-Hoc|iPhone
		{E6D725BB-A1CD-4946-9977-BA477F265AFD}.Ad-Hoc|Any CPU.Build.0 = Ad-Hoc|iPhone
		{E6D725BB-A1CD-4946-9977-BA477F265AFD}.Ad-Hoc|Any CPU.Deploy.0 = Ad-Hoc|iPhone
		{E6D725BB-A1CD-4946-9977-BA477F265AFD}.Ad-Hoc|iPhone.ActiveCfg = Ad-Hoc|iPhone
		{E6D725BB-A1CD-4946-9977-BA477F265AFD}.Ad-Hoc|iPhone.Build.0 = Ad-Hoc|iPhone
		{E6D725BB-A1CD-4946-9977-BA477F265AFD}.Ad-Hoc|iPhone.Deploy.0 = Ad-Hoc|iPhone
		{E6D725BB-A1CD-4946-9977-BA477F265AFD}.Ad-Hoc|iPhoneSimulator.ActiveCfg = Ad-Hoc|iPhoneSimulator
		{E6D725BB-A1CD-4946-9977-BA477F265AFD}.Ad-Hoc|iPhoneSimulator.Build.0 = Ad-Hoc|iPhoneSimulator
		{E6D725BB-A1CD-4946-9977-BA477F265AFD}.Ad-Hoc|iPhoneSimulator.Deploy.0 = Ad-Hoc|iPhoneSimulator
		{E6D725BB-A1CD-4946-9977-BA477F265AFD}.AppStore|Any CPU.ActiveCfg = AppStore|iPhone
		{E6D725BB-A1CD-4946-9977-BA477F265AFD}.AppStore|Any CPU.Build.0 = AppStore|iPhone
		{E6D725BB-A1CD-4946-9977-BA477F265AFD}.AppStore|Any CPU.Deploy.0 = AppStore|iPhone
		{E6D725BB-A1CD-4946-9977-BA477F265AFD}.AppStore|iPhone.ActiveCfg = AppStore|iPhone
		{E6D725BB-A1CD-4946-9977-BA477F265AFD}.AppStore|iPhone.Build.0 = AppStore|iPhone
		{E6D725BB-A1CD-4946-9977-BA477F265AFD}.AppStore|iPhone.Deploy.0 = AppStore|iPhone
		{E6D725BB-A1CD-4946-9977-BA477F265AFD}.AppStore|iPhoneSimulator.ActiveCfg = AppStore|iPhoneSimulator
		{E6D725BB-A1CD-4946-9977-BA477F265AFD}.AppStore|iPhoneSimulator.Build.0 = AppStore|iPhoneSimulator
		{E6D725BB-A1CD-4946-9977-BA477F265AFD}.AppStore|iPhoneSimulator.Deploy.0 = AppStore|iPhoneSimulator
		{E6D725BB-A1CD-4946-9977-BA477F265AFD}.Debug|Any CPU.ActiveCfg = Debug|iPhoneSimulator
		{E6D725BB-A1CD-4946-9977-BA477F265AFD}.Debug|Any CPU.Build.0 = Debug|iPhoneSimulator
		{E6D725BB-A1CD-4946-9977-BA477F265AFD}.Debug|Any CPU.Deploy.0 = Debug|iPhoneSimulator
		{E6D725BB-A1CD-4946-9977-BA477F265AFD}.Debug|iPhone.ActiveCfg = Debug|iPhone
		{E6D725BB-A1CD-4946-9977-BA477F265AFD}.Debug|iPhone.Build.0 = Debug|iPhone
		{E6D725BB-A1CD-4946-9977-BA477F265AFD}.Debug|iPhone.Deploy.0 = Debug|iPhone
		{E6D725BB-A1CD-4946-9977-BA477F265AFD}.Debug|iPhoneSimulator.ActiveCfg = Debug|iPhoneSimulator
		{E6D725BB-A1CD-4946-9977-BA477F265AFD}.Debug|iPhoneSimulator.Build.0 = Debug|iPhoneSimulator
		{E6D725BB-A1CD-4946-9977-BA477F265AFD}.Debug|iPhoneSimulator.Deploy.0 = Debug|iPhoneSimulator
		{E6D725BB-A1CD-4946-9977-BA477F265AFD}.Release|Any CPU.ActiveCfg = Release|iPhone
		{E6D725BB-A1CD-4946-9977-BA477F265AFD}.Release|Any CPU.Build.0 = Release|iPhone
		{E6D725BB-A1CD-4946-9977-BA477F265AFD}.Release|Any CPU.Deploy.0 = Release|iPhone
		{E6D725BB-A1CD-4946-9977-BA477F265AFD}.Release|iPhone.ActiveCfg = Release|iPhone
		{E6D725BB-A1CD-4946-9977-BA477F265AFD}.Release|iPhone.Build.0 = Release|iPhone
		{E6D725BB-A1CD-4946-9977-BA477F265AFD}.Release|iPhone.Deploy.0 = Release|iPhone
		{E6D725BB-A1CD-4946-9977-BA477F265AFD}.Release|iPhoneSimulator.ActiveCfg = Release|iPhoneSimulator
		{E6D725BB-A1CD-4946-9977-BA477F265AFD}.Release|iPhoneSimulator.Build.0 = Release|iPhoneSimulator
		{E6D725BB-A1CD-4946-9977-BA477F265AFD}.Release|iPhoneSimulator.Deploy.0 = Release|iPhoneSimulator
		{CC0E36D5-17F0-48DE-BD23-A2E5B170D87F}.Ad-Hoc|Any CPU.ActiveCfg = Debug|Any CPU
		{CC0E36D5-17F0-48DE-BD23-A2E5B170D87F}.Ad-Hoc|Any CPU.Build.0 = Debug|Any CPU
		{CC0E36D5-17F0-48DE-BD23-A2E5B170D87F}.Ad-Hoc|Any CPU.Deploy.0 = Debug|Any CPU
		{CC0E36D5-17F0-48DE-BD23-A2E5B170D87F}.Ad-Hoc|iPhone.ActiveCfg = Debug|Any CPU
		{CC0E36D5-17F0-48DE-BD23-A2E5B170D87F}.Ad-Hoc|iPhone.Build.0 = Debug|Any CPU
		{CC0E36D5-17F0-48DE-BD23-A2E5B170D87F}.Ad-Hoc|iPhone.Deploy.0 = Debug|Any CPU
		{CC0E36D5-17F0-48DE-BD23-A2E5B170D87F}.Ad-Hoc|iPhoneSimulator.ActiveCfg = Debug|Any CPU
		{CC0E36D5-17F0-48DE-BD23-A2E5B170D87F}.Ad-Hoc|iPhoneSimulator.Build.0 = Debug|Any CPU
		{CC0E36D5-17F0-48DE-BD23-A2E5B170D87F}.Ad-Hoc|iPhoneSimulator.Deploy.0 = Debug|Any CPU
		{CC0E36D5-17F0-48DE-BD23-A2E5B170D87F}.AppStore|Any CPU.ActiveCfg = Debug|Any CPU
		{CC0E36D5-17F0-48DE-BD23-A2E5B170D87F}.AppStore|Any CPU.Build.0 = Debug|Any CPU
		{CC0E36D5-17F0-48DE-BD23-A2E5B170D87F}.AppStore|Any CPU.Deploy.0 = Debug|Any CPU
		{CC0E36D5-17F0-48DE-BD23-A2E5B170D87F}.AppStore|iPhone.ActiveCfg = Debug|Any CPU
		{CC0E36D5-17F0-48DE-BD23-A2E5B170D87F}.AppStore|iPhone.Build.0 = Debug|Any CPU
		{CC0E36D5-17F0-48DE-BD23-A2E5B170D87F}.AppStore|iPhone.Deploy.0 = Debug|Any CPU
		{CC0E36D5-17F0-48DE-BD23-A2E5B170D87F}.AppStore|iPhoneSimulator.ActiveCfg = Debug|Any CPU
		{CC0E36D5-17F0-48DE-BD23-A2E5B170D87F}.AppStore|iPhoneSimulator.Build.0 = Debug|Any CPU
		{CC0E36D5-17F0-48DE-BD23-A2E5B170D87F}.AppStore|iPhoneSimulator.Deploy.0 = Debug|Any CPU
		{CC0E36D5-17F0-48DE-BD23-A2E5B170D87F}.Debug|Any CPU.ActiveCfg = Debug|Any CPU
		{CC0E36D5-17F0-48DE-BD23-A2E5B170D87F}.Debug|Any CPU.Build.0 = Debug|Any CPU
		{CC0E36D5-17F0-48DE-BD23-A2E5B170D87F}.Debug|Any CPU.Deploy.0 = Debug|Any CPU
		{CC0E36D5-17F0-48DE-BD23-A2E5B170D87F}.Debug|iPhone.ActiveCfg = Debug|Any CPU
		{CC0E36D5-17F0-48DE-BD23-A2E5B170D87F}.Debug|iPhone.Build.0 = Debug|Any CPU
		{CC0E36D5-17F0-48DE-BD23-A2E5B170D87F}.Debug|iPhone.Deploy.0 = Debug|Any CPU
		{CC0E36D5-17F0-48DE-BD23-A2E5B170D87F}.Debug|iPhoneSimulator.ActiveCfg = Debug|Any CPU
		{CC0E36D5-17F0-48DE-BD23-A2E5B170D87F}.Debug|iPhoneSimulator.Build.0 = Debug|Any CPU
		{CC0E36D5-17F0-48DE-BD23-A2E5B170D87F}.Debug|iPhoneSimulator.Deploy.0 = Debug|Any CPU
		{CC0E36D5-17F0-48DE-BD23-A2E5B170D87F}.Release|Any CPU.ActiveCfg = Release|Any CPU
		{CC0E36D5-17F0-48DE-BD23-A2E5B170D87F}.Release|Any CPU.Build.0 = Release|Any CPU
		{CC0E36D5-17F0-48DE-BD23-A2E5B170D87F}.Release|Any CPU.Deploy.0 = Release|Any CPU
		{CC0E36D5-17F0-48DE-BD23-A2E5B170D87F}.Release|iPhone.ActiveCfg = Release|Any CPU
		{CC0E36D5-17F0-48DE-BD23-A2E5B170D87F}.Release|iPhone.Build.0 = Release|Any CPU
		{CC0E36D5-17F0-48DE-BD23-A2E5B170D87F}.Release|iPhone.Deploy.0 = Release|Any CPU
		{CC0E36D5-17F0-48DE-BD23-A2E5B170D87F}.Release|iPhoneSimulator.ActiveCfg = Release|Any CPU
		{CC0E36D5-17F0-48DE-BD23-A2E5B170D87F}.Release|iPhoneSimulator.Build.0 = Release|Any CPU
		{CC0E36D5-17F0-48DE-BD23-A2E5B170D87F}.Release|iPhoneSimulator.Deploy.0 = Release|Any CPU
	EndGlobalSection
	GlobalSection(SolutionProperties) = preSolution
		HideSolutionNode = FALSE
	EndGlobalSection
	GlobalSection(ExtensibilityGlobals) = postSolution
		SolutionGuid = {AF90D3FE-C89C-41CB-9395-8C025311C397}
	EndGlobalSection
EndGlobal
